
Microsoft Visual Studio Solution File, Format Version 12.00
# Visual Studio 2017
Project("{FAE04EC0-301F-11D3-BF4B-00C04F79EFBC}") = "Main Menu + Loading Screen", "Main Menu + Loading Screen.csproj", "{8185E721-030C-9DB2-CEF1-6378378DAC8D}"
EndProject
Project("{FAE04EC0-301F-11D3-BF4B-00C04F79EFBC}") = "Main Menu + Loading Screen.Editor", "Main Menu + Loading Screen.Editor.csproj", "{81E93C66-8E62-51C8-0228-A70A875AC0F3}"
EndProject
Global
	GlobalSection(SolutionConfigurationPlatforms) = preSolution
		Debug|Any CPU = Debug|Any CPU
		Release|Any CPU = Release|Any CPU
	EndGlobalSection
	GlobalSection(ProjectConfigurationPlatforms) = postSolution
		{8185E721-030C-9DB2-CEF1-6378378DAC8D}.Debug|Any CPU.ActiveCfg = Debug|Any CPU
		{8185E721-030C-9DB2-CEF1-6378378DAC8D}.Debug|Any CPU.Build.0 = Debug|Any CPU
		{8185E721-030C-9DB2-CEF1-6378378DAC8D}.Release|Any CPU.ActiveCfg = Release|Any CPU
		{8185E721-030C-9DB2-CEF1-6378378DAC8D}.Release|Any CPU.Build.0 = Release|Any CPU
		{81E93C66-8E62-51C8-0228-A70A875AC0F3}.Debug|Any CPU.ActiveCfg = Debug|Any CPU
		{81E93C66-8E62-51C8-0228-A70A875AC0F3}.Debug|Any CPU.Build.0 = Debug|Any CPU
		{81E93C66-8E62-51C8-0228-A70A875AC0F3}.Release|Any CPU.ActiveCfg = Release|Any CPU
		{81E93C66-8E62-51C8-0228-A70A875AC0F3}.Release|Any CPU.Build.0 = Release|Any CPU
	EndGlobalSection
	GlobalSection(SolutionProperties) = preSolution
		HideSolutionNode = FALSE
	EndGlobalSection
EndGlobal
